
Microsoft Visual Studio Solution File, Format Version 12.00
# Visual Studio Version 17
VisualStudioVersion = 17.8.34309.116
MinimumVisualStudioVersion = 10.0.40219.1
Project("{2150E333-8FDC-42A3-9474-1A3956D46DE8}") = "Itens de Solução", "Itens de Solução", "{A6DF53B0-D75F-418E-BD57-87C8C2E7F2E3}"
	ProjectSection(SolutionItems) = preProject
		..\README.md = ..\README.md
	EndProjectSection
EndProject
Project("{2150E333-8FDC-42A3-9474-1A3956D46DE8}") = "Docs", "Docs", "{CC30F7C8-25A3-4356-8B00-447D3B0D7A46}"
	ProjectSection(SolutionItems) = preProject
		..\docs\aula3.md = ..\docs\aula3.md
		..\docs\REST APIs com ASP .NET 01.pdf = ..\docs\REST APIs com ASP .NET 01.pdf
		..\docs\aula4.md = ..\docs\aula4.md
		..\docs\REST APIs com ASP .NET 02.pdf = ..\docs\REST APIs com ASP .NET 02.pdf
	EndProjectSection
EndProject
Project("{2150E333-8FDC-42A3-9474-1A3956D46DE8}") = "src", "src", "{6A324878-E6FC-4CC6-893F-B0506E393F23}"
EndProject
Project("{2150E333-8FDC-42A3-9474-1A3956D46DE8}") = "Aula01", "Aula01", "{ECC290C2-1CAE-457B-A8BB-8F6E14A0BB54}"
EndProject
Project("{9A19103F-16F7-4668-BE54-9A1E7A4F7556}") = "Aula01", "..\src\Aula01\Aula01.csproj", "{93F7A1FA-6ADA-45C6-A6C4-1682BF7C816F}"
EndProject
Project("{9A19103F-16F7-4668-BE54-9A1E7A4F7556}") = "Aula01.Minimal.Api", "Aula01.Minimal.Api\Aula01.Minimal.Api.csproj", "{987EE5B7-D088-4D95-AB25-AFD9307BF6F3}"
EndProject
Project("{2150E333-8FDC-42A3-9474-1A3956D46DE8}") = "Exercicio", "Exercicio", "{C41FAA1E-468A-403C-9DE8-1940E1D5C103}"
EndProject
Project("{9A19103F-16F7-4668-BE54-9A1E7A4F7556}") = "ComoVcEsta", "ComoVcEsta\ComoVcEsta.csproj", "{4EDEE062-0442-4CC0-8223-2C966A65A613}"
EndProject
Global
	GlobalSection(SolutionConfigurationPlatforms) = preSolution
		Debug|Any CPU = Debug|Any CPU
		Release|Any CPU = Release|Any CPU
	EndGlobalSection
	GlobalSection(ProjectConfigurationPlatforms) = postSolution
		{93F7A1FA-6ADA-45C6-A6C4-1682BF7C816F}.Debug|Any CPU.ActiveCfg = Debug|Any CPU
		{93F7A1FA-6ADA-45C6-A6C4-1682BF7C816F}.Debug|Any CPU.Build.0 = Debug|Any CPU
		{93F7A1FA-6ADA-45C6-A6C4-1682BF7C816F}.Release|Any CPU.ActiveCfg = Release|Any CPU
		{93F7A1FA-6ADA-45C6-A6C4-1682BF7C816F}.Release|Any CPU.Build.0 = Release|Any CPU
		{987EE5B7-D088-4D95-AB25-AFD9307BF6F3}.Debug|Any CPU.ActiveCfg = Debug|Any CPU
		{987EE5B7-D088-4D95-AB25-AFD9307BF6F3}.Debug|Any CPU.Build.0 = Debug|Any CPU
		{987EE5B7-D088-4D95-AB25-AFD9307BF6F3}.Release|Any CPU.ActiveCfg = Release|Any CPU
		{987EE5B7-D088-4D95-AB25-AFD9307BF6F3}.Release|Any CPU.Build.0 = Release|Any CPU
		{4EDEE062-0442-4CC0-8223-2C966A65A613}.Debug|Any CPU.ActiveCfg = Debug|Any CPU
		{4EDEE062-0442-4CC0-8223-2C966A65A613}.Debug|Any CPU.Build.0 = Debug|Any CPU
		{4EDEE062-0442-4CC0-8223-2C966A65A613}.Release|Any CPU.ActiveCfg = Release|Any CPU
		{4EDEE062-0442-4CC0-8223-2C966A65A613}.Release|Any CPU.Build.0 = Release|Any CPU
	EndGlobalSection
	GlobalSection(SolutionProperties) = preSolution
		HideSolutionNode = FALSE
	EndGlobalSection
	GlobalSection(NestedProjects) = preSolution
		{ECC290C2-1CAE-457B-A8BB-8F6E14A0BB54} = {6A324878-E6FC-4CC6-893F-B0506E393F23}
		{93F7A1FA-6ADA-45C6-A6C4-1682BF7C816F} = {ECC290C2-1CAE-457B-A8BB-8F6E14A0BB54}
		{987EE5B7-D088-4D95-AB25-AFD9307BF6F3} = {ECC290C2-1CAE-457B-A8BB-8F6E14A0BB54}
		{4EDEE062-0442-4CC0-8223-2C966A65A613} = {C41FAA1E-468A-403C-9DE8-1940E1D5C103}
	EndGlobalSection
	GlobalSection(ExtensibilityGlobals) = postSolution
		SolutionGuid = {E4D39630-B0FC-4643-8F32-06C011F242AE}
	EndGlobalSection
EndGlobal
